<?xml version="1.0" encoding="utf-8"?>
<Project ToolsVersion="4.0" xmlns="http://schemas.microsoft.com/developer/msbuild/2003">
  <ItemGroup>
    <Filter Include="PhysicsSynth">
      <UniqueIdentifier>{0b609936-fe44-46fd-89cc-18aa7ae642cf}</UniqueIdentifier>
    </Filter>
    <Filter Include="Box2D">
      <UniqueIdentifier>{21f18f7b-3460-4268-9441-dd7ab461d87e}</UniqueIdentifier>
    </Filter>
    <Filter Include="Box2D\Collision">
      <UniqueIdentifier>{9ab0c4dc-6d48-4fab-a396-2322dd146167}</UniqueIdentifier>
    </Filter>
    <Filter Include="Box2D\Collision\Shapes">
      <UniqueIdentifier>{b0db8a8d-e88b-49ed-96ce-180e63271957}</UniqueIdentifier>
    </Filter>
    <Filter Include="Box2D\Common">
      <UniqueIdentifier>{3b282d6e-73fa-49f0-a37b-fd39fdce8a79}</UniqueIdentifier>
    </Filter>
    <Filter Include="Box2D\Dynamics">
      <UniqueIdentifier>{8c349d13-553d-4037-bf71-8bc2f1189b83}</UniqueIdentifier>
    </Filter>
    <Filter Include="Box2D\Dynamics\Contacts">
      <UniqueIdentifier>{2c3ab8f9-41a7-4ba0-b8cf-4586e81d884f}</UniqueIdentifier>
    </Filter>
    <Filter Include="Box2D\Dynamics\Joints">
      <UniqueIdentifier>{88d8aa38-db3c-4313-8e0e-ffc47b1f3896}</UniqueIdentifier>
    </Filter>
    <Filter Include="MultiTouchEvents">
      <UniqueIdentifier>{deba5c5a-afc1-47c3-9684-1351a95ff778}</UniqueIdentifier>
    </Filter>
    <Filter Include="OscPack">
      <UniqueIdentifier>{18b014c0-f9b4-4e99-91e7-23962dc63022}</UniqueIdentifier>
    </Filter>
    <Filter Include="OscPack\ip">
      <UniqueIdentifier>{2906ed54-482e-456b-83e7-325b333f6a4d}</UniqueIdentifier>
    </Filter>
    <Filter Include="OscPack\ip\win32">
      <UniqueIdentifier>{7aed2e49-70b6-4274-b48a-82ab104e5938}</UniqueIdentifier>
    </Filter>
    <Filter Include="OscPack\osc">
      <UniqueIdentifier>{5601880a-93bd-4103-a507-ceb59c731d42}</UniqueIdentifier>
    </Filter>
    <Filter Include="JDHUtility">
      <UniqueIdentifier>{96847175-2c73-491c-abf6-789307af1161}</UniqueIdentifier>
    </Filter>
  </ItemGroup>
  <ItemGroup>
    <ClInclude Include="..\..\..\Source\Box2D\Box2D.h">
      <Filter>Box2D</Filter>
    </ClInclude>
    <ClInclude Include="..\..\..\Source\Box2D\Collision\b2BroadPhase.h">
      <Filter>Box2D\Collision</Filter>
    </ClInclude>
    <ClInclude Include="..\..\..\Source\Box2D\Collision\b2Collision.h">
      <Filter>Box2D\Collision</Filter>
    </ClInclude>
    <ClInclude Include="..\..\..\Source\Box2D\Collision\b2Distance.h">
      <Filter>Box2D\Collision</Filter>
    </ClInclude>
    <ClInclude Include="..\..\..\Source\Box2D\Collision\b2DynamicTree.h">
      <Filter>Box2D\Collision</Filter>
    </ClInclude>
    <ClInclude Include="..\..\..\Source\Box2D\Collision\b2TimeOfImpact.h">
      <Filter>Box2D\Collision</Filter>
    </ClInclude>
    <ClInclude Include="..\..\..\Source\Box2D\Collision\Shapes\b2CircleShape.h">
      <Filter>Box2D\Collision\Shapes</Filter>
    </ClInclude>
    <ClInclude Include="..\..\..\Source\Box2D\Collision\Shapes\b2PolygonShape.h">
      <Filter>Box2D\Collision\Shapes</Filter>
    </ClInclude>
    <ClInclude Include="..\..\..\Source\Box2D\Collision\Shapes\b2Shape.h">
      <Filter>Box2D\Collision\Shapes</Filter>
    </ClInclude>
    <ClInclude Include="..\..\..\Source\Box2D\Common\b2BlockAllocator.h">
      <Filter>Box2D\Common</Filter>
    </ClInclude>
    <ClInclude Include="..\..\..\Source\Box2D\Common\b2Math.h">
      <Filter>Box2D\Common</Filter>
    </ClInclude>
    <ClInclude Include="..\..\..\Source\Box2D\Common\b2Settings.h">
      <Filter>Box2D\Common</Filter>
    </ClInclude>
    <ClInclude Include="..\..\..\Source\Box2D\Common\b2StackAllocator.h">
      <Filter>Box2D\Common</Filter>
    </ClInclude>
    <ClInclude Include="..\..\..\Source\Box2D\Dynamics\b2Body.h">
      <Filter>Box2D\Dynamics</Filter>
    </ClInclude>
    <ClInclude Include="..\..\..\Source\Box2D\Dynamics\b2ContactManager.h">
      <Filter>Box2D\Dynamics</Filter>
    </ClInclude>
    <ClInclude Include="..\..\..\Source\Box2D\Dynamics\b2Fixture.h">
      <Filter>Box2D\Dynamics</Filter>
    </ClInclude>
    <ClInclude Include="..\..\..\Source\Box2D\Dynamics\b2Island.h">
      <Filter>Box2D\Dynamics</Filter>
    </ClInclude>
    <ClInclude Include="..\..\..\Source\Box2D\Dynamics\b2TimeStep.h">
      <Filter>Box2D\Dynamics</Filter>
    </ClInclude>
    <ClInclude Include="..\..\..\Source\Box2D\Dynamics\b2World.h">
      <Filter>Box2D\Dynamics</Filter>
    </ClInclude>
    <ClInclude Include="..\..\..\Source\Box2D\Dynamics\b2WorldCallbacks.h">
      <Filter>Box2D\Dynamics</Filter>
    </ClInclude>
    <ClInclude Include="..\..\..\Source\Box2D\Dynamics\Contacts\b2CircleContact.h">
      <Filter>Box2D\Dynamics\Contacts</Filter>
    </ClInclude>
    <ClInclude Include="..\..\..\Source\Box2D\Dynamics\Contacts\b2Contact.h">
      <Filter>Box2D\Dynamics\Contacts</Filter>
    </ClInclude>
    <ClInclude Include="..\..\..\Source\Box2D\Dynamics\Contacts\b2ContactSolver.h">
      <Filter>Box2D\Dynamics\Contacts</Filter>
    </ClInclude>
    <ClInclude Include="..\..\..\Source\Box2D\Dynamics\Contacts\b2PolygonAndCircleContact.h">
      <Filter>Box2D\Dynamics\Contacts</Filter>
    </ClInclude>
    <ClInclude Include="..\..\..\Source\Box2D\Dynamics\Contacts\b2PolygonContact.h">
      <Filter>Box2D\Dynamics\Contacts</Filter>
    </ClInclude>
    <ClInclude Include="..\..\..\Source\Box2D\Dynamics\Contacts\b2TOISolver.h">
      <Filter>Box2D\Dynamics\Contacts</Filter>
    </ClInclude>
    <ClInclude Include="..\..\..\Source\Box2D\Dynamics\Joints\b2DistanceJoint.h">
      <Filter>Box2D\Dynamics\Joints</Filter>
    </ClInclude>
    <ClInclude Include="..\..\..\Source\Box2D\Dynamics\Joints\b2FrictionJoint.h">
      <Filter>Box2D\Dynamics\Joints</Filter>
    </ClInclude>
    <ClInclude Include="..\..\..\Source\Box2D\Dynamics\Joints\b2GearJoint.h">
      <Filter>Box2D\Dynamics\Joints</Filter>
    </ClInclude>
    <ClInclude Include="..\..\..\Source\Box2D\Dynamics\Joints\b2Joint.h">
      <Filter>Box2D\Dynamics\Joints</Filter>
    </ClInclude>
    <ClInclude Include="..\..\..\Source\Box2D\Dynamics\Joints\b2LineJoint.h">
      <Filter>Box2D\Dynamics\Joints</Filter>
    </ClInclude>
    <ClInclude Include="..\..\..\Source\Box2D\Dynamics\Joints\b2MouseJoint.h">
      <Filter>Box2D\Dynamics\Joints</Filter>
    </ClInclude>
    <ClInclude Include="..\..\..\Source\Box2D\Dynamics\Joints\b2PrismaticJoint.h">
      <Filter>Box2D\Dynamics\Joints</Filter>
    </ClInclude>
    <ClInclude Include="..\..\..\Source\Box2D\Dynamics\Joints\b2PulleyJoint.h">
      <Filter>Box2D\Dynamics\Joints</Filter>
    </ClInclude>
    <ClInclude Include="..\..\..\Source\Box2D\Dynamics\Joints\b2RevoluteJoint.h">
      <Filter>Box2D\Dynamics\Joints</Filter>
    </ClInclude>
    <ClInclude Include="..\..\..\Source\Box2D\Dynamics\Joints\b2WeldJoint.h">
      <Filter>Box2D\Dynamics\Joints</Filter>
    </ClInclude>
    <ClInclude Include="..\..\..\Source\MultiTouchEvents\EventSource.h">
      <Filter>MultiTouchEvents</Filter>
    </ClInclude>
    <ClInclude Include="..\..\..\Source\MultiTouchEvents\FastDelegate.h">
      <Filter>MultiTouchEvents</Filter>
    </ClInclude>
    <ClInclude Include="..\..\..\Source\MultiTouchEvents\FastDelegateBind.h">
      <Filter>MultiTouchEvents</Filter>
    </ClInclude>
    <ClInclude Include="..\..\..\Source\MultiTouchEvents\FingerEventArgs.h">
      <Filter>MultiTouchEvents</Filter>
    </ClInclude>
    <ClInclude Include="..\..\..\Source\MultiTouchEvents\MultiTouchEventHandler.h">
      <Filter>MultiTouchEvents</Filter>
    </ClInclude>
    <ClInclude Include="..\..\..\Source\MultiTouchEvents\MultiTouchEventManager.h">
      <Filter>MultiTouchEvents</Filter>
    </ClInclude>
    <ClInclude Include="..\..\..\Source\MultiTouchEvents\WMTouchEventSource.h">
      <Filter>MultiTouchEvents</Filter>
    </ClInclude>
    <ClInclude Include="..\..\..\Source\OscPack\ip\IpEndpointName.h">
      <Filter>OscPack\ip</Filter>
    </ClInclude>
    <ClInclude Include="..\..\..\Source\OscPack\ip\NetworkingUtils.h">
      <Filter>OscPack\ip</Filter>
    </ClInclude>
    <ClInclude Include="..\..\..\Source\OscPack\ip\PacketListener.h">
      <Filter>OscPack\ip</Filter>
    </ClInclude>
    <ClInclude Include="..\..\..\Source\OscPack\ip\TimerListener.h">
      <Filter>OscPack\ip</Filter>
    </ClInclude>
    <ClInclude Include="..\..\..\Source\OscPack\ip\UdpSocket.h">
      <Filter>OscPack\ip</Filter>
    </ClInclude>
    <ClInclude Include="..\..\..\Source\OscPack\osc\MessageMappingOscPacketListener.h">
      <Filter>OscPack\osc</Filter>
    </ClInclude>
    <ClInclude Include="..\..\..\Source\OscPack\osc\OscException.h">
      <Filter>OscPack\osc</Filter>
    </ClInclude>
    <ClInclude Include="..\..\..\Source\OscPack\osc\OscHostEndianness.h">
      <Filter>OscPack\osc</Filter>
    </ClInclude>
    <ClInclude Include="..\..\..\Source\OscPack\osc\OscOutboundPacketStream.h">
      <Filter>OscPack\osc</Filter>
    </ClInclude>
    <ClInclude Include="..\..\..\Source\OscPack\osc\OscPacketListener.h">
      <Filter>OscPack\osc</Filter>
    </ClInclude>
    <ClInclude Include="..\..\..\Source\OscPack\osc\OscPrintReceivedElements.h">
      <Filter>OscPack\osc</Filter>
    </ClInclude>
    <ClInclude Include="..\..\..\Source\OscPack\osc\OscReceivedElements.h">
      <Filter>OscPack\osc</Filter>
    </ClInclude>
    <ClInclude Include="..\..\..\Source\OscPack\osc\OscTypes.h">
      <Filter>OscPack\osc</Filter>
    </ClInclude>
    <ClInclude Include="..\..\..\Source\JDHUtility\Ndelete.h">
      <Filter>JDHUtility</Filter>
    </ClInclude>
    <ClInclude Include="..\..\..\Source\JDHUtility\Point2f.h">
      <Filter>JDHUtility</Filter>
    </ClInclude>
    <ClInclude Include="..\..\..\Source\JDHUtility\Colour4f.h">
      <Filter>JDHUtility</Filter>
    </ClInclude>
    <ClInclude Include="..\..\..\Source\JDHUtility\Colour3f.h">
      <Filter>JDHUtility</Filter>
    </ClInclude>
    <ClInclude Include="..\..\..\Source\JDHUtility\CrossPlatformTime.h">
      <Filter>JDHUtility</Filter>
    </ClInclude>
    <ClInclude Include="..\..\..\Source\JDHUtility\Vector2f.h">
      <Filter>JDHUtility</Filter>
    </ClInclude>
    <ClInclude Include="..\..\..\Source\JDHUtility\Matrixf.h">
      <Filter>JDHUtility</Filter>
    </ClInclude>
    <ClInclude Include="..\..\..\Source\JDHUtility\Point3f.h">
      <Filter>JDHUtility</Filter>
    </ClInclude>
    <ClInclude Include="..\..\..\Source\JDHUtility\DebugTimer.h">
      <Filter>JDHUtility</Filter>
    </ClInclude>
    <ClInclude Include="..\..\..\Source\JDHUtility\Point2i.h">
      <Filter>JDHUtility</Filter>
    </ClInclude>
    <ClInclude Include="..\..\..\Source\JDHUtility\GLTexture.h">
      <Filter>JDHUtility</Filter>
    </ClInclude>
    <ClInclude Include="..\..\..\Source\JDHUtility\Singleton.h">
      <Filter>JDHUtility</Filter>
    </ClInclude>
    <ClInclude Include="..\..\..\Source\JDHUtility\OSCSender.h">
      <Filter>JDHUtility</Filter>
    </ClInclude>
    <ClInclude Include="..\..\..\Source\JDHUtility\OpenGL.h">
      <Filter>JDHUtility</Filter>
    </ClInclude>
    <ClInclude Include="..\..\..\Source\JDHUtility\LoadImage.h">
      <Filter>JDHUtility</Filter>
    </ClInclude>
    <ClInclude Include="..\..\..\Source\JDHUtility\WindowingUtils.h">
      <Filter>JDHUtility</Filter>
    </ClInclude>
    <ClInclude Include="..\..\..\Source\PhysicsSynth\Square.h">
      <Filter>PhysicsSynth</Filter>
    </ClInclude>
    <ClInclude Include="..\..\..\Source\PhysicsSynth\SquareWorld.h">
      <Filter>PhysicsSynth</Filter>
    </ClInclude>
    <ClInclude Include="..\..\..\Source\PhysicsSynth\Stick.h">
      <Filter>PhysicsSynth</Filter>
    </ClInclude>
    <ClInclude Include="..\..\..\Source\PhysicsSynth\Synchronizer.h">
      <Filter>PhysicsSynth</Filter>
    </ClInclude>
    <ClInclude Include="..\..\..\Source\PhysicsSynth\TargetButton.h">
      <Filter>PhysicsSynth</Filter>
    </ClInclude>
    <ClInclude Include="..\..\..\Source\PhysicsSynth\Triangle.h">
      <Filter>PhysicsSynth</Filter>
    </ClInclude>
    <ClInclude Include="..\..\..\Source\PhysicsSynth\UIElement.h">
      <Filter>PhysicsSynth</Filter>
    </ClInclude>
    <ClInclude Include="..\..\..\Source\PhysicsSynth\Wheel.h">
      <Filter>PhysicsSynth</Filter>
    </ClInclude>
    <ClInclude Include="..\..\..\Source\PhysicsSynth\WheelMenu.h">
      <Filter>PhysicsSynth</Filter>
    </ClInclude>
    <ClInclude Include="..\..\..\Source\PhysicsSynth\World.h">
      <Filter>PhysicsSynth</Filter>
    </ClInclude>
    <ClInclude Include="..\..\..\Source\PhysicsSynth\WorldMenu.h">
      <Filter>PhysicsSynth</Filter>
    </ClInclude>
    <ClInclude Include="..\..\..\Source\PhysicsSynth\Bomb.h">
      <Filter>PhysicsSynth</Filter>
    </ClInclude>
    <ClInclude Include="..\..\..\Source\PhysicsSynth\BombMenu.h">
      <Filter>PhysicsSynth</Filter>
    </ClInclude>
    <ClInclude Include="..\..\..\Source\PhysicsSynth\Button.h">
      <Filter>PhysicsSynth</Filter>
    </ClInclude>
    <ClInclude Include="..\..\..\Source\PhysicsSynth\Canvas.h">
      <Filter>PhysicsSynth</Filter>
    </ClInclude>
    <ClInclude Include="..\..\..\Source\PhysicsSynth\CheckBox.h">
      <Filter>PhysicsSynth</Filter>
    </ClInclude>
    <ClInclude Include="..\..\..\Source\PhysicsSynth\Circle.h">
      <Filter>PhysicsSynth</Filter>
    </ClInclude>
    <ClInclude Include="..\..\..\Source\PhysicsSynth\CircularWorld.h">
      <Filter>PhysicsSynth</Filter>
    </ClInclude>
    <ClInclude Include="..\..\..\Source\PhysicsSynth\ColourPicker.h">
      <Filter>PhysicsSynth</Filter>
    </ClInclude>
    <ClInclude Include="..\..\..\Source\PhysicsSynth\ColourPickerItem.h">
      <Filter>PhysicsSynth</Filter>
    </ClInclude>
    <ClInclude Include="..\..\..\Source\PhysicsSynth\DynamicObject.h">
      <Filter>PhysicsSynth</Filter>
    </ClInclude>
    <ClInclude Include="..\..\..\Source\PhysicsSynth\FastDelegate.h">
      <Filter>PhysicsSynth</Filter>
    </ClInclude>
    <ClInclude Include="..\..\..\Source\PhysicsSynth\FastDelegateBind.h">
      <Filter>PhysicsSynth</Filter>
    </ClInclude>
    <ClInclude Include="..\..\..\Source\PhysicsSynth\Finger.h">
      <Filter>PhysicsSynth</Filter>
    </ClInclude>
    <ClInclude Include="..\..\..\Source\PhysicsSynth\FingerJoint.h">
      <Filter>PhysicsSynth</Filter>
    </ClInclude>
    <ClInclude Include="..\..\..\Source\PhysicsSynth\FingerQueryCallback.h">
      <Filter>PhysicsSynth</Filter>
    </ClInclude>
    <ClInclude Include="..\..\..\Source\PhysicsSynth\Handle.h">
      <Filter>PhysicsSynth</Filter>
    </ClInclude>
    <ClInclude Include="..\..\..\Source\PhysicsSynth\ImpulseEventMenu.h">
      <Filter>PhysicsSynth</Filter>
    </ClInclude>
    <ClInclude Include="..\..\..\Source\PhysicsSynth\ImpulseSoundEvent.h">
      <Filter>PhysicsSynth</Filter>
    </ClInclude>
    <ClInclude Include="..\..\..\Source\PhysicsSynth\LabelledUIElement.h">
      <Filter>PhysicsSynth</Filter>
    </ClInclude>
    <ClInclude Include="..\..\..\Source\PhysicsSynth\LoopPointer.h">
      <Filter>PhysicsSynth</Filter>
    </ClInclude>
    <ClInclude Include="..\..\..\Source\PhysicsSynth\MainMenu.h">
      <Filter>PhysicsSynth</Filter>
    </ClInclude>
    <ClInclude Include="..\..\..\Source\PhysicsSynth\Manager.h">
      <Filter>PhysicsSynth</Filter>
    </ClInclude>
    <ClInclude Include="..\..\..\Source\PhysicsSynth\MappingButton.h">
      <Filter>PhysicsSynth</Filter>
    </ClInclude>
    <ClInclude Include="..\..\..\Source\PhysicsSynth\MappingGrid.h">
      <Filter>PhysicsSynth</Filter>
    </ClInclude>
    <ClInclude Include="..\..\..\Source\PhysicsSynth\Menu.h">
      <Filter>PhysicsSynth</Filter>
    </ClInclude>
    <ClInclude Include="..\..\..\Source\PhysicsSynth\ObjectMenu.h">
      <Filter>PhysicsSynth</Filter>
    </ClInclude>
    <ClInclude Include="..\..\..\Source\PhysicsSynth\ObjectPicker.h">
      <Filter>PhysicsSynth</Filter>
    </ClInclude>
    <ClInclude Include="..\..\..\Source\PhysicsSynth\ObjectPickerItem.h">
      <Filter>PhysicsSynth</Filter>
    </ClInclude>
    <ClInclude Include="..\..\..\Source\PhysicsSynth\OptionGrid.h">
      <Filter>PhysicsSynth</Filter>
    </ClInclude>
    <ClInclude Include="..\..\..\Source\PhysicsSynth\OptionGridItem.h">
      <Filter>PhysicsSynth</Filter>
    </ClInclude>
    <ClInclude Include="..\..\..\Source\PhysicsSynth\ParticleEmitter.h">
      <Filter>PhysicsSynth</Filter>
    </ClInclude>
    <ClInclude Include="..\..\..\Source\PhysicsSynth\ParticleEmitterMenu.h">
      <Filter>PhysicsSynth</Filter>
    </ClInclude>
    <ClInclude Include="..\..\..\Source\PhysicsSynth\PatternPicker.h">
      <Filter>PhysicsSynth</Filter>
    </ClInclude>
    <ClInclude Include="..\..\..\Source\PhysicsSynth\PatternPickerItem.h">
      <Filter>PhysicsSynth</Filter>
    </ClInclude>
    <ClInclude Include="..\..\..\Source\PhysicsSynth\PersistenceManager.h">
      <Filter>PhysicsSynth</Filter>
    </ClInclude>
    <ClInclude Include="..\..\..\Source\PhysicsSynth\PhysicsDebugger.h">
      <Filter>PhysicsSynth</Filter>
    </ClInclude>
    <ClInclude Include="..\..\..\Source\PhysicsSynth\PhysicsObject.h">
      <Filter>PhysicsSynth</Filter>
    </ClInclude>
    <ClInclude Include="..\..\..\Source\PhysicsSynth\PointQueryCallback.h">
      <Filter>PhysicsSynth</Filter>
    </ClInclude>
    <ClInclude Include="..\..\..\Source\PhysicsSynth\PressAndHold.h">
      <Filter>PhysicsSynth</Filter>
    </ClInclude>
    <ClInclude Include="..\..\..\Source\PhysicsSynth\PushButton.h">
      <Filter>PhysicsSynth</Filter>
    </ClInclude>
    <ClInclude Include="..\..\..\Source\PhysicsSynth\RegionQueryCallback.h">
      <Filter>PhysicsSynth</Filter>
    </ClInclude>
    <ClInclude Include="..\..\..\Source\PhysicsSynth\RSTObject.h">
      <Filter>PhysicsSynth</Filter>
    </ClInclude>
    <ClInclude Include="..\..\..\Source\PhysicsSynth\SettingsMenu.h">
      <Filter>PhysicsSynth</Filter>
    </ClInclude>
    <ClInclude Include="..\..\..\Source\PhysicsSynth\SimpleObject.h">
      <Filter>PhysicsSynth</Filter>
    </ClInclude>
    <ClInclude Include="..\..\..\Source\PhysicsSynth\SimpleObjectMenu.h">
      <Filter>PhysicsSynth</Filter>
    </ClInclude>
    <ClInclude Include="..\..\..\Source\PhysicsSynth\Slider.h">
      <Filter>PhysicsSynth</Filter>
    </ClInclude>
    <ClInclude Include="..\..\..\Source\PhysicsSynth\SoundConfig.h">
      <Filter>PhysicsSynth</Filter>
    </ClInclude>
    <ClInclude Include="..\..\..\Source\PhysicsSynth\SoundEvent.h">
      <Filter>PhysicsSynth</Filter>
    </ClInclude>
    <ClInclude Include="..\..\..\Source\PhysicsSynth\SoundMenu.h">
      <Filter>PhysicsSynth</Filter>
    </ClInclude>
    <ClInclude Include="..\..\..\Source\PhysicsSynth\Sounds.h">
      <Filter>PhysicsSynth</Filter>
    </ClInclude>
    <ClInclude Include="..\..\..\Source\JDHUtility\GLMatrixf.h">
      <Filter>JDHUtility</Filter>
    </ClInclude>
    <ClInclude Include="..\..\..\Source\JDHUtility\XPlatformMutex.h">
      <Filter>JDHUtility</Filter>
    </ClInclude>
    <ClInclude Include="..\..\..\Source\JDHUtility\GLTextureFont.h">
      <Filter>JDHUtility</Filter>
    </ClInclude>
    <ClInclude Include="..\..\..\Source\JDHUtility\GLFontManager.h">
      <Filter>JDHUtility</Filter>
    </ClInclude>
  </ItemGroup>
  <ItemGroup>
    <ClCompile Include="..\..\..\Source\Box2D\Collision\b2BroadPhase.cpp">
      <Filter>Box2D\Collision</Filter>
    </ClCompile>
    <ClCompile Include="..\..\..\Source\Box2D\Collision\b2CollideCircle.cpp">
      <Filter>Box2D\Collision</Filter>
    </ClCompile>
    <ClCompile Include="..\..\..\Source\Box2D\Collision\b2CollidePolygon.cpp">
      <Filter>Box2D\Collision</Filter>
    </ClCompile>
    <ClCompile Include="..\..\..\Source\Box2D\Collision\b2Collision.cpp">
      <Filter>Box2D\Collision</Filter>
    </ClCompile>
    <ClCompile Include="..\..\..\Source\Box2D\Collision\b2Distance.cpp">
      <Filter>Box2D\Collision</Filter>
    </ClCompile>
    <ClCompile Include="..\..\..\Source\Box2D\Collision\b2DynamicTree.cpp">
      <Filter>Box2D\Collision</Filter>
    </ClCompile>
    <ClCompile Include="..\..\..\Source\Box2D\Collision\b2TimeOfImpact.cpp">
      <Filter>Box2D\Collision</Filter>
    </ClCompile>
    <ClCompile Include="..\..\..\Source\Box2D\Collision\Shapes\b2CircleShape.cpp">
      <Filter>Box2D\Collision\Shapes</Filter>
    </ClCompile>
    <ClCompile Include="..\..\..\Source\Box2D\Collision\Shapes\b2PolygonShape.cpp">
      <Filter>Box2D\Collision\Shapes</Filter>
    </ClCompile>
    <ClCompile Include="..\..\..\Source\Box2D\Common\b2Math.cpp">
      <Filter>Box2D\Common</Filter>
    </ClCompile>
    <ClCompile Include="..\..\..\Source\Box2D\Common\b2Settings.cpp">
      <Filter>Box2D\Common</Filter>
    </ClCompile>
    <ClCompile Include="..\..\..\Source\Box2D\Common\b2StackAllocator.cpp">
      <Filter>Box2D\Common</Filter>
    </ClCompile>
    <ClCompile Include="..\..\..\Source\Box2D\Common\b2BlockAllocator.cpp">
      <Filter>Box2D\Common</Filter>
    </ClCompile>
    <ClCompile Include="..\..\..\Source\Box2D\Dynamics\b2Body.cpp">
      <Filter>Box2D\Dynamics</Filter>
    </ClCompile>
    <ClCompile Include="..\..\..\Source\Box2D\Dynamics\b2ContactManager.cpp">
      <Filter>Box2D\Dynamics</Filter>
    </ClCompile>
    <ClCompile Include="..\..\..\Source\Box2D\Dynamics\b2Fixture.cpp">
      <Filter>Box2D\Dynamics</Filter>
    </ClCompile>
    <ClCompile Include="..\..\..\Source\Box2D\Dynamics\b2Island.cpp">
      <Filter>Box2D\Dynamics</Filter>
    </ClCompile>
    <ClCompile Include="..\..\..\Source\Box2D\Dynamics\b2World.cpp">
      <Filter>Box2D\Dynamics</Filter>
    </ClCompile>
    <ClCompile Include="..\..\..\Source\Box2D\Dynamics\b2WorldCallbacks.cpp">
      <Filter>Box2D\Dynamics</Filter>
    </ClCompile>
    <ClCompile Include="..\..\..\Source\Box2D\Dynamics\Contacts\b2CircleContact.cpp">
      <Filter>Box2D\Dynamics\Contacts</Filter>
    </ClCompile>
    <ClCompile Include="..\..\..\Source\Box2D\Dynamics\Contacts\b2Contact.cpp">
      <Filter>Box2D\Dynamics\Contacts</Filter>
    </ClCompile>
    <ClCompile Include="..\..\..\Source\Box2D\Dynamics\Contacts\b2ContactSolver.cpp">
      <Filter>Box2D\Dynamics\Contacts</Filter>
    </ClCompile>
    <ClCompile Include="..\..\..\Source\Box2D\Dynamics\Contacts\b2PolygonAndCircleContact.cpp">
      <Filter>Box2D\Dynamics\Contacts</Filter>
    </ClCompile>
    <ClCompile Include="..\..\..\Source\Box2D\Dynamics\Contacts\b2PolygonContact.cpp">
      <Filter>Box2D\Dynamics\Contacts</Filter>
    </ClCompile>
    <ClCompile Include="..\..\..\Source\Box2D\Dynamics\Contacts\b2TOISolver.cpp">
      <Filter>Box2D\Dynamics\Contacts</Filter>
    </ClCompile>
    <ClCompile Include="..\..\..\Source\Box2D\Dynamics\Joints\b2DistanceJoint.cpp">
      <Filter>Box2D\Dynamics\Joints</Filter>
    </ClCompile>
    <ClCompile Include="..\..\..\Source\Box2D\Dynamics\Joints\b2FrictionJoint.cpp">
      <Filter>Box2D\Dynamics\Joints</Filter>
    </ClCompile>
    <ClCompile Include="..\..\..\Source\Box2D\Dynamics\Joints\b2GearJoint.cpp">
      <Filter>Box2D\Dynamics\Joints</Filter>
    </ClCompile>
    <ClCompile Include="..\..\..\Source\Box2D\Dynamics\Joints\b2Joint.cpp">
      <Filter>Box2D\Dynamics\Joints</Filter>
    </ClCompile>
    <ClCompile Include="..\..\..\Source\Box2D\Dynamics\Joints\b2LineJoint.cpp">
      <Filter>Box2D\Dynamics\Joints</Filter>
    </ClCompile>
    <ClCompile Include="..\..\..\Source\Box2D\Dynamics\Joints\b2MouseJoint.cpp">
      <Filter>Box2D\Dynamics\Joints</Filter>
    </ClCompile>
    <ClCompile Include="..\..\..\Source\Box2D\Dynamics\Joints\b2PrismaticJoint.cpp">
      <Filter>Box2D\Dynamics\Joints</Filter>
    </ClCompile>
    <ClCompile Include="..\..\..\Source\Box2D\Dynamics\Joints\b2PulleyJoint.cpp">
      <Filter>Box2D\Dynamics\Joints</Filter>
    </ClCompile>
    <ClCompile Include="..\..\..\Source\Box2D\Dynamics\Joints\b2RevoluteJoint.cpp">
      <Filter>Box2D\Dynamics\Joints</Filter>
    </ClCompile>
    <ClCompile Include="..\..\..\Source\Box2D\Dynamics\Joints\b2WeldJoint.cpp">
      <Filter>Box2D\Dynamics\Joints</Filter>
    </ClCompile>
    <ClCompile Include="..\..\..\Source\MultiTouchEvents\EventSource.cpp">
      <Filter>MultiTouchEvents</Filter>
    </ClCompile>
    <ClCompile Include="..\..\..\Source\MultiTouchEvents\FingerEventArgs.cpp">
      <Filter>MultiTouchEvents</Filter>
    </ClCompile>
    <ClCompile Include="..\..\..\Source\MultiTouchEvents\MultiTouchEventHandler.cpp">
      <Filter>MultiTouchEvents</Filter>
    </ClCompile>
    <ClCompile Include="..\..\..\Source\MultiTouchEvents\MultiTouchEventManager.cpp">
      <Filter>MultiTouchEvents</Filter>
    </ClCompile>
    <ClCompile Include="..\..\..\Source\MultiTouchEvents\WMTouchEventSource.cpp">
      <Filter>MultiTouchEvents</Filter>
    </ClCompile>
    <ClCompile Include="..\..\..\Source\OscPack\ip\IpEndpointName.cpp">
      <Filter>OscPack\ip</Filter>
    </ClCompile>
    <ClCompile Include="..\..\..\Source\OscPack\ip\win32\NetworkingUtils.cpp">
      <Filter>OscPack\ip\win32</Filter>
    </ClCompile>
    <ClCompile Include="..\..\..\Source\OscPack\ip\win32\UdpSocket.cpp">
      <Filter>OscPack\ip\win32</Filter>
    </ClCompile>
    <ClCompile Include="..\..\..\Source\OscPack\osc\OscOutboundPacketStream.cpp">
      <Filter>OscPack\osc</Filter>
    </ClCompile>
    <ClCompile Include="..\..\..\Source\OscPack\osc\OscPrintReceivedElements.cpp">
      <Filter>OscPack\osc</Filter>
    </ClCompile>
    <ClCompile Include="..\..\..\Source\OscPack\osc\OscReceivedElements.cpp">
      <Filter>OscPack\osc</Filter>
    </ClCompile>
    <ClCompile Include="..\..\..\Source\OscPack\osc\OscTypes.cpp">
      <Filter>OscPack\osc</Filter>
    </ClCompile>
    <ClCompile Include="..\..\..\Source\JDHUtility\Point2f.cpp">
      <Filter>JDHUtility</Filter>
    </ClCompile>
    <ClCompile Include="..\..\..\Source\JDHUtility\Colour3f.cpp">
      <Filter>JDHUtility</Filter>
    </ClCompile>
    <ClCompile Include="..\..\..\Source\JDHUtility\Colour4f.cpp">
      <Filter>JDHUtility</Filter>
    </ClCompile>
    <ClCompile Include="..\..\..\Source\JDHUtility\CrossPlatformTime.cpp">
      <Filter>JDHUtility</Filter>
    </ClCompile>
    <ClCompile Include="..\..\..\Source\JDHUtility\Vector2f.cpp">
      <Filter>JDHUtility</Filter>
    </ClCompile>
    <ClCompile Include="..\..\..\Source\JDHUtility\Matrixf.cpp">
      <Filter>JDHUtility</Filter>
    </ClCompile>
    <ClCompile Include="..\..\..\Source\JDHUtility\Point3f.cpp">
      <Filter>JDHUtility</Filter>
    </ClCompile>
    <ClCompile Include="..\..\..\Source\JDHUtility\DebugTimer.cpp">
      <Filter>JDHUtility</Filter>
    </ClCompile>
    <ClCompile Include="..\..\..\Source\JDHUtility\Point2i.cpp">
      <Filter>JDHUtility</Filter>
    </ClCompile>
    <ClCompile Include="..\..\..\Source\JDHUtility\GLTexture.cpp">
      <Filter>JDHUtility</Filter>
    </ClCompile>
    <ClCompile Include="..\..\..\Source\JDHUtility\Singleton.cpp">
      <Filter>JDHUtility</Filter>
    </ClCompile>
    <ClCompile Include="..\..\..\Source\JDHUtility\OSCSender.cpp">
      <Filter>JDHUtility</Filter>
    </ClCompile>
    <ClCompile Include="..\..\..\Source\JDHUtility\LoadImage.cpp">
      <Filter>JDHUtility</Filter>
    </ClCompile>
    <ClCompile Include="..\..\..\Source\JDHUtility\WindowingUtils.cpp">
      <Filter>JDHUtility</Filter>
    </ClCompile>
    <ClCompile Include="..\..\..\Source\PhysicsSynth\Square.cpp">
      <Filter>PhysicsSynth</Filter>
    </ClCompile>
    <ClCompile Include="..\..\..\Source\PhysicsSynth\SquareWorld.cpp">
      <Filter>PhysicsSynth</Filter>
    </ClCompile>
    <ClCompile Include="..\..\..\Source\PhysicsSynth\Stick.cpp">
      <Filter>PhysicsSynth</Filter>
    </ClCompile>
    <ClCompile Include="..\..\..\Source\PhysicsSynth\Synchronizer.cpp">
      <Filter>PhysicsSynth</Filter>
    </ClCompile>
    <ClCompile Include="..\..\..\Source\PhysicsSynth\TargetButton.cpp">
      <Filter>PhysicsSynth</Filter>
    </ClCompile>
    <ClCompile Include="..\..\..\Source\PhysicsSynth\Triangle.cpp">
      <Filter>PhysicsSynth</Filter>
    </ClCompile>
    <ClCompile Include="..\..\..\Source\PhysicsSynth\UIElement.cpp">
      <Filter>PhysicsSynth</Filter>
    </ClCompile>
    <ClCompile Include="..\..\..\Source\PhysicsSynth\Wheel.cpp">
      <Filter>PhysicsSynth</Filter>
    </ClCompile>
    <ClCompile Include="..\..\..\Source\PhysicsSynth\WheelMenu.cpp">
      <Filter>PhysicsSynth</Filter>
    </ClCompile>
    <ClCompile Include="..\..\..\Source\PhysicsSynth\World.cpp">
      <Filter>PhysicsSynth</Filter>
    </ClCompile>
    <ClCompile Include="..\..\..\Source\PhysicsSynth\WorldMenu.cpp">
      <Filter>PhysicsSynth</Filter>
    </ClCompile>
    <ClCompile Include="..\..\..\Source\PhysicsSynth\Bomb.cpp">
      <Filter>PhysicsSynth</Filter>
    </ClCompile>
    <ClCompile Include="..\..\..\Source\PhysicsSynth\BombMenu.cpp">
      <Filter>PhysicsSynth</Filter>
    </ClCompile>
    <ClCompile Include="..\..\..\Source\PhysicsSynth\Button.cpp">
      <Filter>PhysicsSynth</Filter>
    </ClCompile>
    <ClCompile Include="..\..\..\Source\PhysicsSynth\Canvas.cpp">
      <Filter>PhysicsSynth</Filter>
    </ClCompile>
    <ClCompile Include="..\..\..\Source\PhysicsSynth\CheckBox.cpp">
      <Filter>PhysicsSynth</Filter>
    </ClCompile>
    <ClCompile Include="..\..\..\Source\PhysicsSynth\Circle.cpp">
      <Filter>PhysicsSynth</Filter>
    </ClCompile>
    <ClCompile Include="..\..\..\Source\PhysicsSynth\CircularWorld.cpp">
      <Filter>PhysicsSynth</Filter>
    </ClCompile>
    <ClCompile Include="..\..\..\Source\PhysicsSynth\ColourPicker.cpp">
      <Filter>PhysicsSynth</Filter>
    </ClCompile>
    <ClCompile Include="..\..\..\Source\PhysicsSynth\ColourPickerItem.cpp">
      <Filter>PhysicsSynth</Filter>
    </ClCompile>
    <ClCompile Include="..\..\..\Source\PhysicsSynth\DynamicObject.cpp">
      <Filter>PhysicsSynth</Filter>
    </ClCompile>
    <ClCompile Include="..\..\..\Source\PhysicsSynth\Finger.cpp">
      <Filter>PhysicsSynth</Filter>
    </ClCompile>
    <ClCompile Include="..\..\..\Source\PhysicsSynth\FingerJoint.cpp">
      <Filter>PhysicsSynth</Filter>
    </ClCompile>
    <ClCompile Include="..\..\..\Source\PhysicsSynth\FingerQueryCallback.cpp">
      <Filter>PhysicsSynth</Filter>
    </ClCompile>
    <ClCompile Include="..\..\..\Source\PhysicsSynth\Handle.cpp">
      <Filter>PhysicsSynth</Filter>
    </ClCompile>
    <ClCompile Include="..\..\..\Source\PhysicsSynth\ImpulseEventMenu.cpp">
      <Filter>PhysicsSynth</Filter>
    </ClCompile>
    <ClCompile Include="..\..\..\Source\PhysicsSynth\ImpulseSoundEvent.cpp">
      <Filter>PhysicsSynth</Filter>
    </ClCompile>
    <ClCompile Include="..\..\..\Source\PhysicsSynth\LabelledUIElement.cpp">
      <Filter>PhysicsSynth</Filter>
    </ClCompile>
    <ClCompile Include="..\..\..\Source\PhysicsSynth\LoopPointer.cpp">
      <Filter>PhysicsSynth</Filter>
    </ClCompile>
    <ClCompile Include="..\..\..\Source\PhysicsSynth\MainMenu.cpp">
      <Filter>PhysicsSynth</Filter>
    </ClCompile>
    <ClCompile Include="..\..\..\Source\PhysicsSynth\Manager.cpp">
      <Filter>PhysicsSynth</Filter>
    </ClCompile>
    <ClCompile Include="..\..\..\Source\PhysicsSynth\MappingButton.cpp">
      <Filter>PhysicsSynth</Filter>
    </ClCompile>
    <ClCompile Include="..\..\..\Source\PhysicsSynth\MappingGrid.cpp">
      <Filter>PhysicsSynth</Filter>
    </ClCompile>
    <ClCompile Include="..\..\..\Source\PhysicsSynth\Menu.cpp">
      <Filter>PhysicsSynth</Filter>
    </ClCompile>
    <ClCompile Include="..\..\..\Source\PhysicsSynth\ObjectMenu.cpp">
      <Filter>PhysicsSynth</Filter>
    </ClCompile>
    <ClCompile Include="..\..\..\Source\PhysicsSynth\ObjectPicker.cpp">
      <Filter>PhysicsSynth</Filter>
    </ClCompile>
    <ClCompile Include="..\..\..\Source\PhysicsSynth\ObjectPickerItem.cpp">
      <Filter>PhysicsSynth</Filter>
    </ClCompile>
    <ClCompile Include="..\..\..\Source\PhysicsSynth\OptionGrid.cpp">
      <Filter>PhysicsSynth</Filter>
    </ClCompile>
    <ClCompile Include="..\..\..\Source\PhysicsSynth\OptionGridItem.cpp">
      <Filter>PhysicsSynth</Filter>
    </ClCompile>
    <ClCompile Include="..\..\..\Source\PhysicsSynth\ParticleEmitter.cpp">
      <Filter>PhysicsSynth</Filter>
    </ClCompile>
    <ClCompile Include="..\..\..\Source\PhysicsSynth\ParticleEmitterMenu.cpp">
      <Filter>PhysicsSynth</Filter>
    </ClCompile>
    <ClCompile Include="..\..\..\Source\PhysicsSynth\PatternPicker.cpp">
      <Filter>PhysicsSynth</Filter>
    </ClCompile>
    <ClCompile Include="..\..\..\Source\PhysicsSynth\PatternPickerItem.cpp">
      <Filter>PhysicsSynth</Filter>
    </ClCompile>
    <ClCompile Include="..\..\..\Source\PhysicsSynth\PersistenceManager.cpp">
      <Filter>PhysicsSynth</Filter>
    </ClCompile>
    <ClCompile Include="..\..\..\Source\PhysicsSynth\PhysicsDebugger.cpp">
      <Filter>PhysicsSynth</Filter>
    </ClCompile>
    <ClCompile Include="..\..\..\Source\PhysicsSynth\PhysicsObject.cpp">
      <Filter>PhysicsSynth</Filter>
    </ClCompile>
    <ClCompile Include="..\..\..\Source\PhysicsSynth\PointQueryCallback.cpp">
      <Filter>PhysicsSynth</Filter>
    </ClCompile>
    <ClCompile Include="..\..\..\Source\PhysicsSynth\PressAndHold.cpp">
      <Filter>PhysicsSynth</Filter>
    </ClCompile>
    <ClCompile Include="..\..\..\Source\PhysicsSynth\PushButton.cpp">
      <Filter>PhysicsSynth</Filter>
    </ClCompile>
    <ClCompile Include="..\..\..\Source\PhysicsSynth\RegionQueryCallback.cpp">
      <Filter>PhysicsSynth</Filter>
    </ClCompile>
    <ClCompile Include="..\..\..\Source\PhysicsSynth\RSTObject.cpp">
      <Filter>PhysicsSynth</Filter>
    </ClCompile>
    <ClCompile Include="..\..\..\Source\PhysicsSynth\SettingsMenu.cpp">
      <Filter>PhysicsSynth</Filter>
    </ClCompile>
    <ClCompile Include="..\..\..\Source\PhysicsSynth\SimpleObject.cpp">
      <Filter>PhysicsSynth</Filter>
    </ClCompile>
    <ClCompile Include="..\..\..\Source\PhysicsSynth\SimpleObjectMenu.cpp">
      <Filter>PhysicsSynth</Filter>
    </ClCompile>
    <ClCompile Include="..\..\..\Source\PhysicsSynth\Slider.cpp">
      <Filter>PhysicsSynth</Filter>
    </ClCompile>
    <ClCompile Include="..\..\..\Source\PhysicsSynth\SoundConfig.cpp">
      <Filter>PhysicsSynth</Filter>
    </ClCompile>
    <ClCompile Include="..\..\..\Source\PhysicsSynth\SoundEvent.cpp">
      <Filter>PhysicsSynth</Filter>
    </ClCompile>
    <ClCompile Include="..\..\..\Source\PhysicsSynth\SoundMenu.cpp">
      <Filter>PhysicsSynth</Filter>
    </ClCompile>
    <ClCompile Include="..\..\..\Source\PhysicsSynth\Sounds.cpp">
      <Filter>PhysicsSynth</Filter>
    </ClCompile>
    <ClCompile Include="..\main.cpp" />
    <ClCompile Include="..\..\..\Source\JDHUtility\GLMatrixf.cpp">
      <Filter>JDHUtility</Filter>
    </ClCompile>
    <ClCompile Include="..\..\..\Source\JDHUtility\XPlatformMutex.cpp">
      <Filter>JDHUtility</Filter>
    </ClCompile>
    <ClCompile Include="..\..\..\Source\JDHUtility\GLTextureFont.cpp">
      <Filter>JDHUtility</Filter>
    </ClCompile>
    <ClCompile Include="..\..\..\Source\JDHUtility\GLFontManager.cpp">
      <Filter>JDHUtility</Filter>
    </ClCompile>
  </ItemGroup>
</Project>